
Microsoft Visual Studio Solution File, Format Version 11.00
# Visual Studio 2010
Project("{8BC9CEB8-8B4A-11D0-8D11-00A0C91BC942}") = "TTT", "TTT.vcxproj", "{5A03CE32-29CE-4D7F-9C25-0F34A898F34C}"
EndProject
Global
	GlobalSection(SolutionConfigurationPlatforms) = preSolution
		Debug|Win32 = Debug|Win32
		Release|Win32 = Release|Win32
	EndGlobalSection
	GlobalSection(ProjectConfigurationPlatforms) = postSolution
		{5A03CE32-29CE-4D7F-9C25-0F34A898F34C}.Debug|Win32.ActiveCfg = Debug|Win32
		{5A03CE32-29CE-4D7F-9C25-0F34A898F34C}.Debug|Win32.Build.0 = Debug|Win32
		{5A03CE32-29CE-4D7F-9C25-0F34A898F34C}.Release|Win32.ActiveCfg = Release|Win32
		{5A03CE32-29CE-4D7F-9C25-0F34A898F34C}.Release|Win32.Build.0 = Release|Win32
	EndGlobalSection
	GlobalSection(SolutionProperties) = preSolution
		HideSolutionNode = FALSE
	EndGlobalSection
EndGlobal
